
Microsoft Visual Studio Solution File, Format Version 12.00
# Visual Studio Version 17
VisualStudioVersion = 17.5.33516.290
MinimumVisualStudioVersion = 10.0.40219.1
Project("{FAE04EC0-301F-11D3-BF4B-00C04F79EFBC}") = "WinFormsApp2", "WinFormsApp2\WinFormsApp2.csproj", "{B29C3FAA-29EB-473A-B14C-C87A2B0FC971}"
EndProject
Global
	GlobalSection(SolutionConfigurationPlatforms) = preSolution
		Debug|Any CPU = Debug|Any CPU
		Release|Any CPU = Release|Any CPU
	EndGlobalSection
	GlobalSection(ProjectConfigurationPlatforms) = postSolution
		{B29C3FAA-29EB-473A-B14C-C87A2B0FC971}.Debug|Any CPU.ActiveCfg = Debug|Any CPU
		{B29C3FAA-29EB-473A-B14C-C87A2B0FC971}.Debug|Any CPU.Build.0 = Debug|Any CPU
		{B29C3FAA-29EB-473A-B14C-C87A2B0FC971}.Release|Any CPU.ActiveCfg = Release|Any CPU
		{B29C3FAA-29EB-473A-B14C-C87A2B0FC971}.Release|Any CPU.Build.0 = Release|Any CPU
	EndGlobalSection
	GlobalSection(SolutionProperties) = preSolution
		HideSolutionNode = FALSE
	EndGlobalSection
	GlobalSection(ExtensibilityGlobals) = postSolution
		SolutionGuid = {1AB7FFF2-87F5-4BFC-89D9-DFC8651A41E6}
	EndGlobalSection
EndGlobal
